# This file is automatically @generated by Cargo.
# It is not intended for manual editing.
version = 3

[[package]]
name = "cc"
version = "1.0.91"
source = "registry+https://github.com/rust-lang/crates.io-index"
checksum = "1fd97381a8cc6493395a5afc4c691c1084b3768db713b73aa215217aa245d153"

[[package]]
name = "cmake"
version = "0.1.50"
source = "registry+https://github.com/rust-lang/crates.io-index"
checksum = "a31c789563b815f77f4250caee12365734369f942439b7defd71e18a48197130"
dependencies = [
 "cc",
]

[[package]]
name = "rust_ffi"
version = "0.1.0"
dependencies = [
 "cmake",
]
