# This file is automatically @generated by Cargo.
# It is not intended for manual editing.
version = 3

[[package]]
name = "round"
version = "0.1.2"
source = "registry+https://github.com/rust-lang/crates.io-index"
checksum = "b02705db4fa872ae37e464fc803b7ffa574e6c4a5e112c52a82550f9dd63b657"

[[package]]
name = "round_test"
version = "0.1.0"
dependencies = [
 "round",
]
