{
  "lockfileVersion": 1,
  "configVersion": 1,
  "workspaces": {
    "": {
      "name": "hashline-edit-benchmark",
      "dependencies": {
        "@ai-sdk/openai-compatible": "^2.0.35",
        "ai": "^6.0.94",
        "zod": "^4.1.0",
      },
    },
  },
  "packages": {
    "@ai-sdk/gateway": ["@ai-sdk/gateway@3.0.55", "", { "dependencies": { "@ai-sdk/provider": "3.0.8", "@ai-sdk/provider-utils": "4.0.15", "@vercel/oidc": "3.1.0" }, "peerDependencies": { "zod": "^3.25.76 || ^4.1.8" } }, "sha512-7xMeTJnCjwRwXKVCiv4Ly4qzWvDuW3+W1WIV0X1EFu6W83d4mEhV9bFArto10MeTw40ewuDjrbrZd21mXKohkw=="],

    "@ai-sdk/openai-compatible": ["@ai-sdk/openai-compatible@2.0.35", "", { "dependencies": { "@ai-sdk/provider": "3.0.8", "@ai-sdk/provider-utils": "4.0.19" }, "peerDependencies": { "zod": "^3.25.76 || ^4.1.8" } }, "sha512-g3wA57IAQFb+3j4YuFndgkUdXyRETZVvbfAWM+UX7bZSxA3xjes0v3XKgIdKdekPtDGsh4ZX2byHD0gJIMPfiA=="],

    "@ai-sdk/provider": ["@ai-sdk/provider@3.0.8", "", { "dependencies": { "json-schema": "^0.4.0" } }, "sha512-oGMAgGoQdBXbZqNG0Ze56CHjDZ1IDYOwGYxYjO5KLSlz5HiNQ9udIXsPZ61VWaHGZ5XW/jyjmr6t2xz2jGVwbQ=="],

    "@ai-sdk/provider-utils": ["@ai-sdk/provider-utils@4.0.19", "", { "dependencies": { "@ai-sdk/provider": "3.0.8", "@standard-schema/spec": "^1.1.0", "eventsource-parser": "^3.0.6" }, "peerDependencies": { "zod": "^3.25.76 || ^4.1.8" } }, "sha512-3eG55CrSWCu2SXlqq2QCsFjo3+E7+Gmg7i/oRVoSZzIodTuDSfLb3MRje67xE9RFea73Zao7Lm4mADIfUETKGg=="],

    "@opentelemetry/api": ["@opentelemetry/api@1.9.0", "", {}, "sha512-3giAOQvZiH5F9bMlMiv8+GSPMeqg0dbaeo58/0SlA9sxSqZhnUtxzX9/2FzyhS9sWQf5S0GJE0AKBrFqjpeYcg=="],

    "@standard-schema/spec": ["@standard-schema/spec@1.1.0", "", {}, "sha512-l2aFy5jALhniG5HgqrD6jXLi/rUWrKvqN/qJx6yoJsgKhblVd+iqqU4RCXavm/jPityDo5TCvKMnpjKnOriy0w=="],

    "@vercel/oidc": ["@vercel/oidc@3.1.0", "", {}, "sha512-Fw28YZpRnA3cAHHDlkt7xQHiJ0fcL+NRcIqsocZQUSmbzeIKRpwttJjik5ZGanXP+vlA4SbTg+AbA3bP363l+w=="],

    "ai": ["ai@6.0.101", "", { "dependencies": { "@ai-sdk/gateway": "3.0.55", "@ai-sdk/provider": "3.0.8", "@ai-sdk/provider-utils": "4.0.15", "@opentelemetry/api": "1.9.0" }, "peerDependencies": { "zod": "^3.25.76 || ^4.1.8" } }, "sha512-Ur/NgbgOp1rdhyDiKDk6EOpSgd1g5ADlbcD1cjQJtQsnmhEngz3Rf8nK5JetDh0vnbLy2aEBpaQeL+zvLRWuaA=="],

    "eventsource-parser": ["eventsource-parser@3.0.6", "", {}, "sha512-Vo1ab+QXPzZ4tCa8SwIHJFaSzy4R6SHf7BY79rFBDf0idraZWAkYrDjDj8uWaSm3S2TK+hJ7/t1CEmZ7jXw+pg=="],

    "json-schema": ["json-schema@0.4.0", "", {}, "sha512-es94M3nTIfsEPisRafak+HDLfHXnKBhV3vU5eqPcS3flIWqcxJWgXHXiey3YrpaNsanY5ei1VoYEbOzijuq9BA=="],

    "zod": ["zod@4.3.6", "", {}, "sha512-rftlrkhHZOcjDwkGlnUtZZkvaPHCsDATp4pGpuOOMDaTdDDXF91wuVDJoWoPsKX/3YPQ5fHuF3STjcYyKr+Qhg=="],

    "@ai-sdk/gateway/@ai-sdk/provider-utils": ["@ai-sdk/provider-utils@4.0.15", "", { "dependencies": { "@ai-sdk/provider": "3.0.8", "@standard-schema/spec": "^1.1.0", "eventsource-parser": "^3.0.6" }, "peerDependencies": { "zod": "^3.25.76 || ^4.1.8" } }, "sha512-8XiKWbemmCbvNN0CLR9u3PQiet4gtEVIrX4zzLxnCj06AwsEDJwJVBbKrEI4t6qE8XRSIvU2irka0dcpziKW6w=="],

    "ai/@ai-sdk/provider-utils": ["@ai-sdk/provider-utils@4.0.15", "", { "dependencies": { "@ai-sdk/provider": "3.0.8", "@standard-schema/spec": "^1.1.0", "eventsource-parser": "^3.0.6" }, "peerDependencies": { "zod": "^3.25.76 || ^4.1.8" } }, "sha512-8XiKWbemmCbvNN0CLR9u3PQiet4gtEVIrX4zzLxnCj06AwsEDJwJVBbKrEI4t6qE8XRSIvU2irka0dcpziKW6w=="],
  }
}
