github.com/fcamel/golang-practice v0.0.0-20181013044405-19447f5c1d16 h1:ciUaj9HQ2n1EP8qdQEW0hFu7kFcmoDIAIHJPedskWwE=
github.com/fcamel/golang-practice v0.0.0-20181013044405-19447f5c1d16/go.mod h1:fL4TQPwwOlo9dOrphbn7udRTDVHc67bf/5s8iO/KRDw=
github.com/gorilla/websocket v1.5.0 h1:PPwGk2jz7EePpoHN/+ClbZu8SPxiqlu12wZP/3sWmnc=
github.com/gorilla/websocket v1.5.0/go.mod h1:YR8l580nyteQvAITg2hZ9XVh4b55+EU/adAjf1fMHhE=
github.com/zhaocong6/goUtils v1.0.3 h1:bBnWzRHhh00c9/z1JRU21B3w9Fv6repBWdTt5U9AU/I=
github.com/zhaocong6/goUtils v1.0.3/go.mod h1:thhyjztxmw6lF0NGeqtmvVMKaQOdQZm01OS8M9ni4lQ=
